
Microsoft Visual Studio Solution File, Format Version 12.00
# Visual Studio 15
VisualStudioVersion = 15.0.27428.2037
MinimumVisualStudioVersion = 10.0.40219.1
Project("{9A19103F-16F7-4668-BE54-9A1E7A4F7556}") = "MyCore", "MyCore\MyCore.csproj", "{D93AF616-B0F3-41CC-BD31-D9ECF683DB92}"
EndProject
Project("{2150E333-8FDC-42A3-9474-1A3956D46DE8}") = "应用程序", "应用程序", "{A06EE779-593A-4AA9-A44A-09B5E27E111E}"
EndProject
Global
	GlobalSection(SolutionConfigurationPlatforms) = preSolution
		Debug|Any CPU = Debug|Any CPU
		Release|Any CPU = Release|Any CPU
	EndGlobalSection
	GlobalSection(ProjectConfigurationPlatforms) = postSolution
		{D93AF616-B0F3-41CC-BD31-D9ECF683DB92}.Debug|Any CPU.ActiveCfg = Debug|Any CPU
		{D93AF616-B0F3-41CC-BD31-D9ECF683DB92}.Debug|Any CPU.Build.0 = Debug|Any CPU
		{D93AF616-B0F3-41CC-BD31-D9ECF683DB92}.Release|Any CPU.ActiveCfg = Release|Any CPU
		{D93AF616-B0F3-41CC-BD31-D9ECF683DB92}.Release|Any CPU.Build.0 = Release|Any CPU
	EndGlobalSection
	GlobalSection(SolutionProperties) = preSolution
		HideSolutionNode = FALSE
	EndGlobalSection
	GlobalSection(NestedProjects) = preSolution
		{D93AF616-B0F3-41CC-BD31-D9ECF683DB92} = {A06EE779-593A-4AA9-A44A-09B5E27E111E}
	EndGlobalSection
	GlobalSection(ExtensibilityGlobals) = postSolution
		SolutionGuid = {4BAA192F-DF82-4F8D-9B46-0CF89AD74176}
	EndGlobalSection
EndGlobal
